
Microsoft Visual Studio Solution File, Format Version 12.00
# Visual Studio Version 17
VisualStudioVersion = 17.10.35122.118
MinimumVisualStudioVersion = 10.0.40219.1
Project("{FAE04EC0-301F-11D3-BF4B-00C04F79EFBC}") = "backendAPI", "backendAPI\backendAPI.csproj", "{3A790A08-2823-4F84-AC10-4607AC37D2A3}"
EndProject
Global
	GlobalSection(SolutionConfigurationPlatforms) = preSolution
		Debug|Any CPU = Debug|Any CPU
		Release|Any CPU = Release|Any CPU
	EndGlobalSection
	GlobalSection(ProjectConfigurationPlatforms) = postSolution
		{3A790A08-2823-4F84-AC10-4607AC37D2A3}.Debug|Any CPU.ActiveCfg = Debug|Any CPU
		{3A790A08-2823-4F84-AC10-4607AC37D2A3}.Debug|Any CPU.Build.0 = Debug|Any CPU
		{3A790A08-2823-4F84-AC10-4607AC37D2A3}.Release|Any CPU.ActiveCfg = Release|Any CPU
		{3A790A08-2823-4F84-AC10-4607AC37D2A3}.Release|Any CPU.Build.0 = Release|Any CPU
	EndGlobalSection
	GlobalSection(SolutionProperties) = preSolution
		HideSolutionNode = FALSE
	EndGlobalSection
	GlobalSection(ExtensibilityGlobals) = postSolution
		SolutionGuid = {E887242F-4E2F-4D20-94B1-CA5B4BEF85B9}
	EndGlobalSection
EndGlobal
